// !$*UTF8*$!
{
	archiveVersion = 1;
	classes = {
	};
	objectVersion = 55;
	objects = {

/* Begin PBXBuildFile section */
		B563BA842732C03700DA9D23 /* LoginAppSwiftUIApp.swift in Sources */ = {isa = PBXBuildFile; fileRef = B563BA832732C03700DA9D23 /* LoginAppSwiftUIApp.swift */; };
		B563BA862732C03700DA9D23 /* ContentView.swift in Sources */ = {isa = PBXBuildFile; fileRef = B563BA852732C03700DA9D23 /* ContentView.swift */; };
		B563BA882732C03900DA9D23 /* Assets.xcassets in Resources */ = {isa = PBXBuildFile; fileRef = B563BA872732C03900DA9D23 /* Assets.xcassets */; };
		B563BA8B2732C03900DA9D23 /* Preview Assets.xcassets in Resources */ = {isa = PBXBuildFile; fileRef = B563BA8A2732C03900DA9D23 /* Preview Assets.xcassets */; };
		B563BA922732E0C600DA9D23 /* LoginView.swift in Sources */ = {isa = PBXBuildFile; fileRef = B563BA912732E0C600DA9D23 /* LoginView.swift */; };
		B563BA962732E4B200DA9D23 /* StarterView.swift in Sources */ = {isa = PBXBuildFile; fileRef = B563BA952732E4B200DA9D23 /* StarterView.swift */; };
		B563BA982732E59500DA9D23 /* TimeCounter.swift in Sources */ = {isa = PBXBuildFile; fileRef = B563BA972732E59500DA9D23 /* TimeCounter.swift */; };
		B563BA9A2734138900DA9D23 /* StorageManager.swift in Sources */ = {isa = PBXBuildFile; fileRef = B563BA992734138900DA9D23 /* StorageManager.swift */; };
		B563BAC52739448800DA9D23 /* UserManager.swift in Sources */ = {isa = PBXBuildFile; fileRef = B563BAC42739448800DA9D23 /* UserManager.swift */; };
		B563BAC727394A6700DA9D23 /* ButtonView.swift in Sources */ = {isa = PBXBuildFile; fileRef = B563BAC627394A6700DA9D23 /* ButtonView.swift */; };
		B563BAC92739573700DA9D23 /* ButtonAppearanceModifier.swift in Sources */ = {isa = PBXBuildFile; fileRef = B563BAC82739573700DA9D23 /* ButtonAppearanceModifier.swift */; };
/* End PBXBuildFile section */

/* Begin PBXFileReference section */
		B563BA802732C03700DA9D23 /* LoginAppSwiftUI.app */ = {isa = PBXFileReference; explicitFileType = wrapper.application; includeInIndex = 0; path = LoginAppSwiftUI.app; sourceTree = BUILT_PRODUCTS_DIR; };
		B563BA832732C03700DA9D23 /* LoginAppSwiftUIApp.swift */ = {isa = PBXFileReference; lastKnownFileType = sourcecode.swift; path = LoginAppSwiftUIApp.swift; sourceTree = "<group>"; };
		B563BA852732C03700DA9D23 /* ContentView.swift */ = {isa = PBXFileReference; lastKnownFileType = sourcecode.swift; path = ContentView.swift; sourceTree = "<group>"; };
		B563BA872732C03900DA9D23 /* Assets.xcassets */ = {isa = PBXFileReference; lastKnownFileType = folder.assetcatalog; path = Assets.xcassets; sourceTree = "<group>"; };
		B563BA8A2732C03900DA9D23 /* Preview Assets.xcassets */ = {isa = PBXFileReference; lastKnownFileType = folder.assetcatalog; path = "Preview Assets.xcassets"; sourceTree = "<group>"; };
		B563BA912732E0C600DA9D23 /* LoginView.swift */ = {isa = PBXFileReference; lastKnownFileType = sourcecode.swift; path = LoginView.swift; sourceTree = "<group>"; };
		B563BA952732E4B200DA9D23 /* StarterView.swift */ = {isa = PBXFileReference; lastKnownFileType = sourcecode.swift; path = StarterView.swift; sourceTree = "<group>"; };
		B563BA972732E59500DA9D23 /* TimeCounter.swift */ = {isa = PBXFileReference; lastKnownFileType = sourcecode.swift; path = TimeCounter.swift; sourceTree = "<group>"; };
		B563BA992734138900DA9D23 /* StorageManager.swift */ = {isa = PBXFileReference; lastKnownFileType = sourcecode.swift; path = StorageManager.swift; sourceTree = "<group>"; };
		B563BAC42739448800DA9D23 /* UserManager.swift */ = {isa = PBXFileReference; lastKnownFileType = sourcecode.swift; path = UserManager.swift; sourceTree = "<group>"; };
		B563BAC627394A6700DA9D23 /* ButtonView.swift */ = {isa = PBXFileReference; lastKnownFileType = sourcecode.swift; path = ButtonView.swift; sourceTree = "<group>"; };
		B563BAC82739573700DA9D23 /* ButtonAppearanceModifier.swift */ = {isa = PBXFileReference; lastKnownFileType = sourcecode.swift; path = ButtonAppearanceModifier.swift; sourceTree = "<group>"; };
/* End PBXFileReference section */

/* Begin PBXFrameworksBuildPhase section */
		B563BA7D2732C03700DA9D23 /* Frameworks */ = {
			isa = PBXFrameworksBuildPhase;
			buildActionMask = 2147483647;
			files = (
			);
			runOnlyForDeploymentPostprocessing = 0;
		};
/* End PBXFrameworksBuildPhase section */

/* Begin PBXGroup section */
		B563BA772732C03700DA9D23 = {
			isa = PBXGroup;
			children = (
				B563BA822732C03700DA9D23 /* LoginAppSwiftUI */,
				B563BA812732C03700DA9D23 /* Products */,
			);
			sourceTree = "<group>";
		};
		B563BA812732C03700DA9D23 /* Products */ = {
			isa = PBXGroup;
			children = (
				B563BA802732C03700DA9D23 /* LoginAppSwiftUI.app */,
			);
			name = Products;
			sourceTree = "<group>";
		};
		B563BA822732C03700DA9D23 /* LoginAppSwiftUI */ = {
			isa = PBXGroup;
			children = (
				B563BA9B273538DC00DA9D23 /* App */,
				B563BA9C273538EE00DA9D23 /* Views */,
				B563BA9D2735396C00DA9D23 /* Service */,
				B563BA9F2735399700DA9D23 /* Model */,
				B563BA9E2735398C00DA9D23 /* Resources */,
				B563BA892732C03900DA9D23 /* Preview Content */,
			);
			path = LoginAppSwiftUI;
			sourceTree = "<group>";
		};
		B563BA892732C03900DA9D23 /* Preview Content */ = {
			isa = PBXGroup;
			children = (
				B563BA8A2732C03900DA9D23 /* Preview Assets.xcassets */,
			);
			path = "Preview Content";
			sourceTree = "<group>";
		};
		B563BA9B273538DC00DA9D23 /* App */ = {
			isa = PBXGroup;
			children = (
				B563BA832732C03700DA9D23 /* LoginAppSwiftUIApp.swift */,
			);
			path = App;
			sourceTree = "<group>";
		};
		B563BA9C273538EE00DA9D23 /* Views */ = {
			isa = PBXGroup;
			children = (
				B563BA952732E4B200DA9D23 /* StarterView.swift */,
				B563BA912732E0C600DA9D23 /* LoginView.swift */,
				B563BA852732C03700DA9D23 /* ContentView.swift */,
				B563BAC627394A6700DA9D23 /* ButtonView.swift */,
				B563BAC82739573700DA9D23 /* ButtonAppearanceModifier.swift */,
			);
			path = Views;
			sourceTree = "<group>";
		};
		B563BA9D2735396C00DA9D23 /* Service */ = {
			isa = PBXGroup;
			children = (
				B563BA992734138900DA9D23 /* StorageManager.swift */,
				B563BAC42739448800DA9D23 /* UserManager.swift */,
			);
			path = Service;
			sourceTree = "<group>";
		};
		B563BA9E2735398C00DA9D23 /* Resources */ = {
			isa = PBXGroup;
			children = (
				B563BA872732C03900DA9D23 /* Assets.xcassets */,
			);
			path = Resources;
			sourceTree = "<group>";
		};
		B563BA9F2735399700DA9D23 /* Model */ = {
			isa = PBXGroup;
			children = (
				B563BA972732E59500DA9D23 /* TimeCounter.swift */,
			);
			path = Model;
			sourceTree = "<group>";
		};
/* End PBXGroup section */

/* Begin PBXNativeTarget section */
		B563BA7F2732C03700DA9D23 /* LoginAppSwiftUI */ = {
			isa = PBXNativeTarget;
			buildConfigurationList = B563BA8E2732C03900DA9D23 /* Build configuration list for PBXNativeTarget "LoginAppSwiftUI" */;
			buildPhases = (
				B563BA7C2732C03700DA9D23 /* Sources */,
				B563BA7D2732C03700DA9D23 /* Frameworks */,
				B563BA7E2732C03700DA9D23 /* Resources */,
			);
			buildRules = (
			);
			dependencies = (
			);
			name = LoginAppSwiftUI;
			productName = LoginAppSwiftUI;
			productReference = B563BA802732C03700DA9D23 /* LoginAppSwiftUI.app */;
			productType = "com.apple.product-type.application";
		};
/* End PBXNativeTarget section */

/* Begin PBXProject section */
		B563BA782732C03700DA9D23 /* Project object */ = {
			isa = PBXProject;
			attributes = {
				BuildIndependentTargetsInParallel = 1;
				LastSwiftUpdateCheck = 1310;
				LastUpgradeCheck = 1310;
				TargetAttributes = {
					B563BA7F2732C03700DA9D23 = {
						CreatedOnToolsVersion = 13.1;
					};
				};
			};
			buildConfigurationList = B563BA7B2732C03700DA9D23 /* Build configuration list for PBXProject "LoginAppSwiftUI" */;
			compatibilityVersion = "Xcode 13.0";
			developmentRegion = en;
			hasScannedForEncodings = 0;
			knownRegions = (
				en,
				Base,
			);
			mainGroup = B563BA772732C03700DA9D23;
			productRefGroup = B563BA812732C03700DA9D23 /* Products */;
			projectDirPath = "";
			projectRoot = "";
			targets = (
				B563BA7F2732C03700DA9D23 /* LoginAppSwiftUI */,
			);
		};
/* End PBXProject section */

/* Begin PBXResourcesBuildPhase section */
		B563BA7E2732C03700DA9D23 /* Resources */ = {
			isa = PBXResourcesBuildPhase;
			buildActionMask = 2147483647;
			files = (
				B563BA8B2732C03900DA9D23 /* Preview Assets.xcassets in Resources */,
				B563BA882732C03900DA9D23 /* Assets.xcassets in Resources */,
			);
			runOnlyForDeploymentPostprocessing = 0;
		};
/* End PBXResourcesBuildPhase section */

/* Begin PBXSourcesBuildPhase section */
		B563BA7C2732C03700DA9D23 /* Sources */ = {
			isa = PBXSourcesBuildPhase;
			buildActionMask = 2147483647;
			files = (
				B563BAC92739573700DA9D23 /* ButtonAppearanceModifier.swift in Sources */,
				B563BA922732E0C600DA9D23 /* LoginView.swift in Sources */,
				B563BA962732E4B200DA9D23 /* StarterView.swift in Sources */,
				B563BAC727394A6700DA9D23 /* ButtonView.swift in Sources */,
				B563BAC52739448800DA9D23 /* UserManager.swift in Sources */,
				B563BA9A2734138900DA9D23 /* StorageManager.swift in Sources */,
				B563BA982732E59500DA9D23 /* TimeCounter.swift in Sources */,
				B563BA862732C03700DA9D23 /* ContentView.swift in Sources */,
				B563BA842732C03700DA9D23 /* LoginAppSwiftUIApp.swift in Sources */,
			);
			runOnlyForDeploymentPostprocessing = 0;
		};
/* End PBXSourcesBuildPhase section */

/* Begin XCBuildConfiguration section */
		B563BA8C2732C03900DA9D23 /* Debug */ = {
			isa = XCBuildConfiguration;
			buildSettings = {
				ALWAYS_SEARCH_USER_PATHS = NO;
				CLANG_ANALYZER_NONNULL = YES;
				CLANG_ANALYZER_NUMBER_OBJECT_CONVERSION = YES_AGGRESSIVE;
				CLANG_CXX_LANGUAGE_STANDARD = "gnu++17";
				CLANG_CXX_LIBRARY = "libc++";
				CLANG_ENABLE_MODULES = YES;
				CLANG_ENABLE_OBJC_ARC = YES;
				CLANG_ENABLE_OBJC_WEAK = YES;
				CLANG_WARN_BLOCK_CAPTURE_AUTORELEASING = YES;
				CLANG_WARN_BOOL_CONVERSION = YES;
				CLANG_WARN_COMMA = YES;
				CLANG_WARN_CONSTANT_CONVERSION = YES;
				CLANG_WARN_DEPRECATED_OBJC_IMPLEMENTATIONS = YES;
				CLANG_WARN_DIRECT_OBJC_ISA_USAGE = YES_ERROR;
				CLANG_WARN_DOCUMENTATION_COMMENTS = YES;
				CLANG_WARN_EMPTY_BODY = YES;
				CLANG_WARN_ENUM_CONVERSION = YES;
				CLANG_WARN_INFINITE_RECURSION = YES;
				CLANG_WARN_INT_CONVERSION = YES;
				CLANG_WARN_NON_LITERAL_NULL_CONVERSION = YES;
				CLANG_WARN_OBJC_IMPLICIT_RETAIN_SELF = YES;
				CLANG_WARN_OBJC_LITERAL_CONVERSION = YES;
				CLANG_WARN_OBJC_ROOT_CLASS = YES_ERROR;
				CLANG_WARN_QUOTED_INCLUDE_IN_FRAMEWORK_HEADER = YES;
				CLANG_WARN_RANGE_LOOP_ANALYSIS = YES;
				CLANG_WARN_STRICT_PROTOTYPES = YES;
				CLANG_WARN_SUSPICIOUS_MOVE = YES;
				CLANG_WARN_UNGUARDED_AVAILABILITY = YES_AGGRESSIVE;
				CLANG_WARN_UNREACHABLE_CODE = YES;
				CLANG_WARN__DUPLICATE_METHOD_MATCH = YES;
				COPY_PHASE_STRIP = NO;
				DEBUG_INFORMATION_FORMAT = dwarf;
				ENABLE_STRICT_OBJC_MSGSEND = YES;
				ENABLE_TESTABILITY = YES;
				GCC_C_LANGUAGE_STANDARD = gnu11;
				GCC_DYNAMIC_NO_PIC = NO;
				GCC_NO_COMMON_BLOCKS = YES;
				GCC_OPTIMIZATION_LEVEL = 0;
				GCC_PREPROCESSOR_DEFINITIONS = (
					"DEBUG=1",
					"$(inherited)",
				);
				GCC_WARN_64_TO_32_BIT_CONVERSION = YES;
				GCC_WARN_ABOUT_RETURN_TYPE = YES_ERROR;
				GCC_WARN_UNDECLARED_SELECTOR = YES;
				GCC_WARN_UNINITIALIZED_AUTOS = YES_AGGRESSIVE;
				GCC_WARN_UNUSED_FUNCTION = YES;
				GCC_WARN_UNUSED_VARIABLE = YES;
				IPHONEOS_DEPLOYMENT_TARGET = 15.0;
				MTL_ENABLE_DEBUG_INFO = INCLUDE_SOURCE;
				MTL_FAST_MATH = YES;
				ONLY_ACTIVE_ARCH = YES;
				SDKROOT = iphoneos;
				SWIFT_ACTIVE_COMPILATION_CONDITIONS = DEBUG;
				SWIFT_OPTIMIZATION_LEVEL = "-Onone";
			};
			name = Debug;
		};
		B563BA8D2732C03900DA9D23 /* Release */ = {
			isa = XCBuildConfiguration;
			buildSettings = {
				ALWAYS_SEARCH_USER_PATHS = NO;
				CLANG_ANALYZER_NONNULL = YES;
				CLANG_ANALYZER_NUMBER_OBJECT_CONVERSION = YES_AGGRESSIVE;
				CLANG_CXX_LANGUAGE_STANDARD = "gnu++17";
				CLANG_CXX_LIBRARY = "libc++";
				CLANG_ENABLE_MODULES = YES;
				CLANG_ENABLE_OBJC_ARC = YES;
				CLANG_ENABLE_OBJC_WEAK = YES;
				CLANG_WARN_BLOCK_CAPTURE_AUTORELEASING = YES;
				CLANG_WARN_BOOL_CONVERSION = YES;
				CLANG_WARN_COMMA = YES;
				CLANG_WARN_CONSTANT_CONVERSION = YES;
				CLANG_WARN_DEPRECATED_OBJC_IMPLEMENTATIONS = YES;
				CLANG_WARN_DIRECT_OBJC_ISA_USAGE = YES_ERROR;
				CLANG_WARN_DOCUMENTATION_COMMENTS = YES;
				CLANG_WARN_EMPTY_BODY = YES;
				CLANG_WARN_ENUM_CONVERSION = YES;
				CLANG_WARN_INFINITE_RECURSION = YES;
				CLANG_WARN_INT_CONVERSION = YES;
				CLANG_WARN_NON_LITERAL_NULL_CONVERSION = YES;
				CLANG_WARN_OBJC_IMPLICIT_RETAIN_SELF = YES;
				CLANG_WARN_OBJC_LITERAL_CONVERSION = YES;
				CLANG_WARN_OBJC_ROOT_CLASS = YES_ERROR;
				CLANG_WARN_QUOTED_INCLUDE_IN_FRAMEWORK_HEADER = YES;
				CLANG_WARN_RANGE_LOOP_ANALYSIS = YES;
				CLANG_WARN_STRICT_PROTOTYPES = YES;
				CLANG_WARN_SUSPICIOUS_MOVE = YES;
				CLANG_WARN_UNGUARDED_AVAILABILITY = YES_AGGRESSIVE;
				CLANG_WARN_UNREACHABLE_CODE = YES;
				CLANG_WARN__DUPLICATE_METHOD_MATCH = YES;
				COPY_PHASE_STRIP = NO;
				DEBUG_INFORMATION_FORMAT = "dwarf-with-dsym";
				ENABLE_NS_ASSERTIONS = NO;
				ENABLE_STRICT_OBJC_MSGSEND = YES;
				GCC_C_LANGUAGE_STANDARD = gnu11;
				GCC_NO_COMMON_BLOCKS = YES;
				GCC_WARN_64_TO_32_BIT_CONVERSION = YES;
				GCC_WARN_ABOUT_RETURN_TYPE = YES_ERROR;
				GCC_WARN_UNDECLARED_SELECTOR = YES;
				GCC_WARN_UNINITIALIZED_AUTOS = YES_AGGRESSIVE;
				GCC_WARN_UNUSED_FUNCTION = YES;
				GCC_WARN_UNUSED_VARIABLE = YES;
				IPHONEOS_DEPLOYMENT_TARGET = 15.0;
				MTL_ENABLE_DEBUG_INFO = NO;
				MTL_FAST_MATH = YES;
				SDKROOT = iphoneos;
				SWIFT_COMPILATION_MODE = wholemodule;
				SWIFT_OPTIMIZATION_LEVEL = "-O";
				VALIDATE_PRODUCT = YES;
			};
			name = Release;
		};
		B563BA8F2732C03900DA9D23 /* Debug */ = {
			isa = XCBuildConfiguration;
			buildSettings = {
				ASSETCATALOG_COMPILER_APPICON_NAME = AppIcon;
				ASSETCATALOG_COMPILER_GLOBAL_ACCENT_COLOR_NAME = AccentColor;
				CODE_SIGN_STYLE = Automatic;
				CURRENT_PROJECT_VERSION = 1;
				DEVELOPMENT_ASSET_PATHS = "\"LoginAppSwiftUI/Preview Content\"";
				DEVELOPMENT_TEAM = ANDCT3J259;
				ENABLE_PREVIEWS = YES;
				GENERATE_INFOPLIST_FILE = YES;
				INFOPLIST_KEY_UIApplicationSceneManifest_Generation = YES;
				INFOPLIST_KEY_UIApplicationSupportsIndirectInputEvents = YES;
				INFOPLIST_KEY_UILaunchScreen_Generation = YES;
				INFOPLIST_KEY_UISupportedInterfaceOrientations_iPad = "UIInterfaceOrientationPortrait UIInterfaceOrientationPortraitUpsideDown UIInterfaceOrientationLandscapeLeft UIInterfaceOrientationLandscapeRight";
				INFOPLIST_KEY_UISupportedInterfaceOrientations_iPhone = "UIInterfaceOrientationPortrait UIInterfaceOrientationLandscapeLeft UIInterfaceOrientationLandscapeRight";
				LD_RUNPATH_SEARCH_PATHS = (
					"$(inherited)",
					"@executable_path/Frameworks",
				);
				MARKETING_VERSION = 1.0;
				PRODUCT_BUNDLE_IDENTIFIER = AlexandrMeyer.LoginAppSwiftUI;
				PRODUCT_NAME = "$(TARGET_NAME)";
				SWIFT_EMIT_LOC_STRINGS = YES;
				SWIFT_VERSION = 5.0;
				TARGETED_DEVICE_FAMILY = "1,2";
			};
			name = Debug;
		};
		B563BA902732C03900DA9D23 /* Release */ = {
			isa = XCBuildConfiguration;
			buildSettings = {
				ASSETCATALOG_COMPILER_APPICON_NAME = AppIcon;
				ASSETCATALOG_COMPILER_GLOBAL_ACCENT_COLOR_NAME = AccentColor;
				CODE_SIGN_STYLE = Automatic;
				CURRENT_PROJECT_VERSION = 1;
				DEVELOPMENT_ASSET_PATHS = "\"LoginAppSwiftUI/Preview Content\"";
				DEVELOPMENT_TEAM = ANDCT3J259;
				ENABLE_PREVIEWS = YES;
				GENERATE_INFOPLIST_FILE = YES;
				INFOPLIST_KEY_UIApplicationSceneManifest_Generation = YES;
				INFOPLIST_KEY_UIApplicationSupportsIndirectInputEvents = YES;
				INFOPLIST_KEY_UILaunchScreen_Generation = YES;
				INFOPLIST_KEY_UISupportedInterfaceOrientations_iPad = "UIInterfaceOrientationPortrait UIInterfaceOrientationPortraitUpsideDown UIInterfaceOrientationLandscapeLeft UIInterfaceOrientationLandscapeRight";
				INFOPLIST_KEY_UISupportedInterfaceOrientations_iPhone = "UIInterfaceOrientationPortrait UIInterfaceOrientationLandscapeLeft UIInterfaceOrientationLandscapeRight";
				LD_RUNPATH_SEARCH_PATHS = (
					"$(inherited)",
					"@executable_path/Frameworks",
				);
				MARKETING_VERSION = 1.0;
				PRODUCT_BUNDLE_IDENTIFIER = AlexandrMeyer.LoginAppSwiftUI;
				PRODUCT_NAME = "$(TARGET_NAME)";
				SWIFT_EMIT_LOC_STRINGS = YES;
				SWIFT_VERSION = 5.0;
				TARGETED_DEVICE_FAMILY = "1,2";
			};
			name = Release;
		};
/* End XCBuildConfiguration section */

/* Begin XCConfigurationList section */
		B563BA7B2732C03700DA9D23 /* Build configuration list for PBXProject "LoginAppSwiftUI" */ = {
			isa = XCConfigurationList;
			buildConfigurations = (
				B563BA8C2732C03900DA9D23 /* Debug */,
				B563BA8D2732C03900DA9D23 /* Release */,
			);
			defaultConfigurationIsVisible = 0;
			defaultConfigurationName = Release;
		};
		B563BA8E2732C03900DA9D23 /* Build configuration list for PBXNativeTarget "LoginAppSwiftUI" */ = {
			isa = XCConfigurationList;
			buildConfigurations = (
				B563BA8F2732C03900DA9D23 /* Debug */,
				B563BA902732C03900DA9D23 /* Release */,
			);
			defaultConfigurationIsVisible = 0;
			defaultConfigurationName = Release;
		};
/* End XCConfigurationList section */
	};
	rootObject = B563BA782732C03700DA9D23 /* Project object */;
}
